
Microsoft Visual Studio Solution File, Format Version 12.00
# Visual Studio 15
VisualStudioVersion = 15.0.27703.2042
MinimumVisualStudioVersion = 10.0.40219.1
Project("{9A19103F-16F7-4668-BE54-9A1E7A4F7556}") = "ColinsBakeryShop", "ColinsBakeryShop\ColinsBakeryShop.csproj", "{311634D8-0433-4B21-B164-DA9CFD0D9988}"
EndProject
Global
	GlobalSection(SolutionConfigurationPlatforms) = preSolution
		Debug|Any CPU = Debug|Any CPU
		Release|Any CPU = Release|Any CPU
	EndGlobalSection
	GlobalSection(ProjectConfigurationPlatforms) = postSolution
		{311634D8-0433-4B21-B164-DA9CFD0D9988}.Debug|Any CPU.ActiveCfg = Debug|Any CPU
		{311634D8-0433-4B21-B164-DA9CFD0D9988}.Debug|Any CPU.Build.0 = Debug|Any CPU
		{311634D8-0433-4B21-B164-DA9CFD0D9988}.Release|Any CPU.ActiveCfg = Release|Any CPU
		{311634D8-0433-4B21-B164-DA9CFD0D9988}.Release|Any CPU.Build.0 = Release|Any CPU
	EndGlobalSection
	GlobalSection(SolutionProperties) = preSolution
		HideSolutionNode = FALSE
	EndGlobalSection
	GlobalSection(ExtensibilityGlobals) = postSolution
		SolutionGuid = {A55F93CC-454B-4DCA-84C2-AC163CD6634A}
	EndGlobalSection
EndGlobal
